
Microsoft Visual Studio Solution File, Format Version 12.00
# Visual Studio Version 16
VisualStudioVersion = 16.0.31729.503
MinimumVisualStudioVersion = 10.0.40219.1
Project("{FAE04EC0-301F-11D3-BF4B-00C04F79EFBC}") = "ConsoleApp9", "ConsoleApp9\ConsoleApp9.csproj", "{76BDD801-B84C-460D-BA28-7513F65BE956}"
EndProject
Global
	GlobalSection(SolutionConfigurationPlatforms) = preSolution
		Debug|Any CPU = Debug|Any CPU
		Release|Any CPU = Release|Any CPU
	EndGlobalSection
	GlobalSection(ProjectConfigurationPlatforms) = postSolution
		{76BDD801-B84C-460D-BA28-7513F65BE956}.Debug|Any CPU.ActiveCfg = Debug|Any CPU
		{76BDD801-B84C-460D-BA28-7513F65BE956}.Debug|Any CPU.Build.0 = Debug|Any CPU
		{76BDD801-B84C-460D-BA28-7513F65BE956}.Release|Any CPU.ActiveCfg = Release|Any CPU
		{76BDD801-B84C-460D-BA28-7513F65BE956}.Release|Any CPU.Build.0 = Release|Any CPU
	EndGlobalSection
	GlobalSection(SolutionProperties) = preSolution
		HideSolutionNode = FALSE
	EndGlobalSection
	GlobalSection(ExtensibilityGlobals) = postSolution
		SolutionGuid = {655C889E-4835-428C-8AA1-11B0AC8F18B6}
	EndGlobalSection
EndGlobal
